// !$*UTF8*$!
{
	archiveVersion = 1;
	classes = {
	};
	objectVersion = 77;
	objects = {

/* Begin PBXBuildFile section */
		455F8B152CE9EFD600E46A19 /* PreviewViews.swift in Sources */ = {isa = PBXBuildFile; fileRef = 455F8B142CE9EFD600E46A19 /* PreviewViews.swift */; };
		455F8B1B2CE9F97B00E46A19 /* Text.swift in Sources */ = {isa = PBXBuildFile; fileRef = 455F8B1A2CE9F97B00E46A19 /* Text.swift */; };
		455F8B1D2CE9FCD900E46A19 /* GameRow.swift in Sources */ = {isa = PBXBuildFile; fileRef = 455F8B1C2CE9FCD900E46A19 /* GameRow.swift */; };
		45C2A8172CE55A2400B002DF /* Preview Assets.xcassets in Resources */ = {isa = PBXBuildFile; fileRef = 45C2A8112CE55A2400B002DF /* Preview Assets.xcassets */; };
		45C2A8182CE55A2400B002DF /* Assets.xcassets in Resources */ = {isa = PBXBuildFile; fileRef = 45C2A8132CE55A2400B002DF /* Assets.xcassets */; };
		45C2A8192CE55A2400B002DF /* GamesView.swift in Sources */ = {isa = PBXBuildFile; fileRef = 45C2A8142CE55A2400B002DF /* GamesView.swift */; };
		45C2A81A2CE55A2400B002DF /* PS5GamesAppApp.swift in Sources */ = {isa = PBXBuildFile; fileRef = 45C2A8152CE55A2400B002DF /* PS5GamesAppApp.swift */; };
		45C2A81D2CE90DF500B002DF /* games.json in Resources */ = {isa = PBXBuildFile; fileRef = 45C2A81C2CE90DF500B002DF /* games.json */; };
		45C2A81F2CE90E0100B002DF /* gamesPreview.json in Resources */ = {isa = PBXBuildFile; fileRef = 45C2A81E2CE90E0100B002DF /* gamesPreview.json */; };
		45C2A8222CE910DF00B002DF /* Game.swift in Sources */ = {isa = PBXBuildFile; fileRef = 45C2A8212CE910D900B002DF /* Game.swift */; };
		45C2A8252CE9137D00B002DF /* Repository.swift in Sources */ = {isa = PBXBuildFile; fileRef = 45C2A8242CE9137D00B002DF /* Repository.swift */; };
		45C2A8282CE915C400B002DF /* GamesViewModel.swift in Sources */ = {isa = PBXBuildFile; fileRef = 45C2A8272CE915C400B002DF /* GamesViewModel.swift */; };
		45C2A82A2CE9228E00B002DF /* RepositoryPreview.swift in Sources */ = {isa = PBXBuildFile; fileRef = 45C2A8292CE9228E00B002DF /* RepositoryPreview.swift */; };
		45C2A82C2CE923CD00B002DF /* RepositoryProtocol.swift in Sources */ = {isa = PBXBuildFile; fileRef = 45C2A82B2CE923CD00B002DF /* RepositoryProtocol.swift */; };
/* End PBXBuildFile section */

/* Begin PBXFileReference section */
		455F8B142CE9EFD600E46A19 /* PreviewViews.swift */ = {isa = PBXFileReference; lastKnownFileType = sourcecode.swift; path = PreviewViews.swift; sourceTree = "<group>"; };
		455F8B1A2CE9F97B00E46A19 /* Text.swift */ = {isa = PBXFileReference; lastKnownFileType = sourcecode.swift; path = Text.swift; sourceTree = "<group>"; };
		455F8B1C2CE9FCD900E46A19 /* GameRow.swift */ = {isa = PBXFileReference; lastKnownFileType = sourcecode.swift; path = GameRow.swift; sourceTree = "<group>"; };
		45C2A8002CE548D700B002DF /* PS5GamesApp.app */ = {isa = PBXFileReference; explicitFileType = wrapper.application; includeInIndex = 0; path = PS5GamesApp.app; sourceTree = BUILT_PRODUCTS_DIR; };
		45C2A8112CE55A2400B002DF /* Preview Assets.xcassets */ = {isa = PBXFileReference; lastKnownFileType = folder.assetcatalog; path = "Preview Assets.xcassets"; sourceTree = "<group>"; };
		45C2A8132CE55A2400B002DF /* Assets.xcassets */ = {isa = PBXFileReference; lastKnownFileType = folder.assetcatalog; path = Assets.xcassets; sourceTree = "<group>"; };
		45C2A8142CE55A2400B002DF /* GamesView.swift */ = {isa = PBXFileReference; lastKnownFileType = sourcecode.swift; path = GamesView.swift; sourceTree = "<group>"; };
		45C2A8152CE55A2400B002DF /* PS5GamesAppApp.swift */ = {isa = PBXFileReference; lastKnownFileType = sourcecode.swift; path = PS5GamesAppApp.swift; sourceTree = "<group>"; };
		45C2A81C2CE90DF500B002DF /* games.json */ = {isa = PBXFileReference; lastKnownFileType = text.json; path = games.json; sourceTree = "<group>"; };
		45C2A81E2CE90E0100B002DF /* gamesPreview.json */ = {isa = PBXFileReference; lastKnownFileType = text.json; path = gamesPreview.json; sourceTree = "<group>"; };
		45C2A8212CE910D900B002DF /* Game.swift */ = {isa = PBXFileReference; lastKnownFileType = sourcecode.swift; path = Game.swift; sourceTree = "<group>"; };
		45C2A8242CE9137D00B002DF /* Repository.swift */ = {isa = PBXFileReference; lastKnownFileType = sourcecode.swift; path = Repository.swift; sourceTree = "<group>"; };
		45C2A8272CE915C400B002DF /* GamesViewModel.swift */ = {isa = PBXFileReference; lastKnownFileType = sourcecode.swift; path = GamesViewModel.swift; sourceTree = "<group>"; };
		45C2A8292CE9228E00B002DF /* RepositoryPreview.swift */ = {isa = PBXFileReference; lastKnownFileType = sourcecode.swift; path = RepositoryPreview.swift; sourceTree = "<group>"; };
		45C2A82B2CE923CD00B002DF /* RepositoryProtocol.swift */ = {isa = PBXFileReference; lastKnownFileType = sourcecode.swift; path = RepositoryProtocol.swift; sourceTree = "<group>"; };
/* End PBXFileReference section */

/* Begin PBXFrameworksBuildPhase section */
		45C2A7FD2CE548D700B002DF /* Frameworks */ = {
			isa = PBXFrameworksBuildPhase;
			buildActionMask = 2147483647;
			files = (
			);
			runOnlyForDeploymentPostprocessing = 0;
		};
/* End PBXFrameworksBuildPhase section */

/* Begin PBXGroup section */
		455F8B162CE9F5FE00E46A19 /* View */ = {
			isa = PBXGroup;
			children = (
				455F8B1C2CE9FCD900E46A19 /* GameRow.swift */,
				45C2A8142CE55A2400B002DF /* GamesView.swift */,
				455F8B192CE9F95200E46A19 /* Styles */,
			);
			path = View;
			sourceTree = "<group>";
		};
		455F8B192CE9F95200E46A19 /* Styles */ = {
			isa = PBXGroup;
			children = (
				455F8B1A2CE9F97B00E46A19 /* Text.swift */,
			);
			path = Styles;
			sourceTree = "<group>";
		};
		45C2A7F72CE548D700B002DF = {
			isa = PBXGroup;
			children = (
				45C2A8162CE55A2400B002DF /* PS5GamesApp */,
				45C2A8012CE548D700B002DF /* Products */,
			);
			sourceTree = "<group>";
		};
		45C2A8012CE548D700B002DF /* Products */ = {
			isa = PBXGroup;
			children = (
				45C2A8002CE548D700B002DF /* PS5GamesApp.app */,
			);
			name = Products;
			sourceTree = "<group>";
		};
		45C2A8122CE55A2400B002DF /* Preview Content */ = {
			isa = PBXGroup;
			children = (
				455F8B142CE9EFD600E46A19 /* PreviewViews.swift */,
				45C2A8292CE9228E00B002DF /* RepositoryPreview.swift */,
				45C2A8112CE55A2400B002DF /* Preview Assets.xcassets */,
				45C2A81E2CE90E0100B002DF /* gamesPreview.json */,
			);
			path = "Preview Content";
			sourceTree = "<group>";
		};
		45C2A8162CE55A2400B002DF /* PS5GamesApp */ = {
			isa = PBXGroup;
			children = (
				45C2A8152CE55A2400B002DF /* PS5GamesAppApp.swift */,
				455F8B162CE9F5FE00E46A19 /* View */,
				45C2A8262CE915B000B002DF /* ViewModel */,
				45C2A8232CE9136D00B002DF /* Repository */,
				45C2A8202CE910BF00B002DF /* Model */,
				45C2A81B2CE90DE000B002DF /* Resources */,
				45C2A8132CE55A2400B002DF /* Assets.xcassets */,
				45C2A8122CE55A2400B002DF /* Preview Content */,
			);
			path = PS5GamesApp;
			sourceTree = "<group>";
		};
		45C2A81B2CE90DE000B002DF /* Resources */ = {
			isa = PBXGroup;
			children = (
				45C2A81C2CE90DF500B002DF /* games.json */,
			);
			path = Resources;
			sourceTree = "<group>";
		};
		45C2A8202CE910BF00B002DF /* Model */ = {
			isa = PBXGroup;
			children = (
				45C2A8212CE910D900B002DF /* Game.swift */,
			);
			path = Model;
			sourceTree = "<group>";
		};
		45C2A8232CE9136D00B002DF /* Repository */ = {
			isa = PBXGroup;
			children = (
				45C2A82B2CE923CD00B002DF /* RepositoryProtocol.swift */,
				45C2A8242CE9137D00B002DF /* Repository.swift */,
			);
			path = Repository;
			sourceTree = "<group>";
		};
		45C2A8262CE915B000B002DF /* ViewModel */ = {
			isa = PBXGroup;
			children = (
				45C2A8272CE915C400B002DF /* GamesViewModel.swift */,
			);
			path = ViewModel;
			sourceTree = "<group>";
		};
/* End PBXGroup section */

/* Begin PBXNativeTarget section */
		45C2A7FF2CE548D700B002DF /* PS5GamesApp */ = {
			isa = PBXNativeTarget;
			buildConfigurationList = 45C2A80E2CE548D900B002DF /* Build configuration list for PBXNativeTarget "PS5GamesApp" */;
			buildPhases = (
				45C2A7FC2CE548D700B002DF /* Sources */,
				45C2A7FD2CE548D700B002DF /* Frameworks */,
				45C2A7FE2CE548D700B002DF /* Resources */,
			);
			buildRules = (
			);
			dependencies = (
			);
			name = PS5GamesApp;
			packageProductDependencies = (
			);
			productName = PS5GamesApp;
			productReference = 45C2A8002CE548D700B002DF /* PS5GamesApp.app */;
			productType = "com.apple.product-type.application";
		};
/* End PBXNativeTarget section */

/* Begin PBXProject section */
		45C2A7F82CE548D700B002DF /* Project object */ = {
			isa = PBXProject;
			attributes = {
				BuildIndependentTargetsInParallel = 1;
				LastSwiftUpdateCheck = 1610;
				LastUpgradeCheck = 1610;
				TargetAttributes = {
					45C2A7FF2CE548D700B002DF = {
						CreatedOnToolsVersion = 16.1;
					};
				};
			};
			buildConfigurationList = 45C2A7FB2CE548D700B002DF /* Build configuration list for PBXProject "PS5GamesApp" */;
			developmentRegion = en;
			hasScannedForEncodings = 0;
			knownRegions = (
				en,
				Base,
			);
			mainGroup = 45C2A7F72CE548D700B002DF;
			minimizedProjectReferenceProxies = 1;
			preferredProjectObjectVersion = 77;
			productRefGroup = 45C2A8012CE548D700B002DF /* Products */;
			projectDirPath = "";
			projectRoot = "";
			targets = (
				45C2A7FF2CE548D700B002DF /* PS5GamesApp */,
			);
		};
/* End PBXProject section */

/* Begin PBXResourcesBuildPhase section */
		45C2A7FE2CE548D700B002DF /* Resources */ = {
			isa = PBXResourcesBuildPhase;
			buildActionMask = 2147483647;
			files = (
				45C2A81F2CE90E0100B002DF /* gamesPreview.json in Resources */,
				45C2A8172CE55A2400B002DF /* Preview Assets.xcassets in Resources */,
				45C2A81D2CE90DF500B002DF /* games.json in Resources */,
				45C2A8182CE55A2400B002DF /* Assets.xcassets in Resources */,
			);
			runOnlyForDeploymentPostprocessing = 0;
		};
/* End PBXResourcesBuildPhase section */

/* Begin PBXSourcesBuildPhase section */
		45C2A7FC2CE548D700B002DF /* Sources */ = {
			isa = PBXSourcesBuildPhase;
			buildActionMask = 2147483647;
			files = (
				45C2A82A2CE9228E00B002DF /* RepositoryPreview.swift in Sources */,
				45C2A8192CE55A2400B002DF /* GamesView.swift in Sources */,
				455F8B1D2CE9FCD900E46A19 /* GameRow.swift in Sources */,
				45C2A8222CE910DF00B002DF /* Game.swift in Sources */,
				45C2A81A2CE55A2400B002DF /* PS5GamesAppApp.swift in Sources */,
				455F8B1B2CE9F97B00E46A19 /* Text.swift in Sources */,
				45C2A8282CE915C400B002DF /* GamesViewModel.swift in Sources */,
				455F8B152CE9EFD600E46A19 /* PreviewViews.swift in Sources */,
				45C2A8252CE9137D00B002DF /* Repository.swift in Sources */,
				45C2A82C2CE923CD00B002DF /* RepositoryProtocol.swift in Sources */,
			);
			runOnlyForDeploymentPostprocessing = 0;
		};
/* End PBXSourcesBuildPhase section */

/* Begin XCBuildConfiguration section */
		45C2A80C2CE548D900B002DF /* Debug */ = {
			isa = XCBuildConfiguration;
			buildSettings = {
				ALWAYS_SEARCH_USER_PATHS = NO;
				ASSETCATALOG_COMPILER_GENERATE_SWIFT_ASSET_SYMBOL_EXTENSIONS = YES;
				CLANG_ANALYZER_NONNULL = YES;
				CLANG_ANALYZER_NUMBER_OBJECT_CONVERSION = YES_AGGRESSIVE;
				CLANG_CXX_LANGUAGE_STANDARD = "gnu++20";
				CLANG_ENABLE_MODULES = YES;
				CLANG_ENABLE_OBJC_ARC = YES;
				CLANG_ENABLE_OBJC_WEAK = YES;
				CLANG_WARN_BLOCK_CAPTURE_AUTORELEASING = YES;
				CLANG_WARN_BOOL_CONVERSION = YES;
				CLANG_WARN_COMMA = YES;
				CLANG_WARN_CONSTANT_CONVERSION = YES;
				CLANG_WARN_DEPRECATED_OBJC_IMPLEMENTATIONS = YES;
				CLANG_WARN_DIRECT_OBJC_ISA_USAGE = YES_ERROR;
				CLANG_WARN_DOCUMENTATION_COMMENTS = YES;
				CLANG_WARN_EMPTY_BODY = YES;
				CLANG_WARN_ENUM_CONVERSION = YES;
				CLANG_WARN_INFINITE_RECURSION = YES;
				CLANG_WARN_INT_CONVERSION = YES;
				CLANG_WARN_NON_LITERAL_NULL_CONVERSION = YES;
				CLANG_WARN_OBJC_IMPLICIT_RETAIN_SELF = YES;
				CLANG_WARN_OBJC_LITERAL_CONVERSION = YES;
				CLANG_WARN_OBJC_ROOT_CLASS = YES_ERROR;
				CLANG_WARN_QUOTED_INCLUDE_IN_FRAMEWORK_HEADER = YES;
				CLANG_WARN_RANGE_LOOP_ANALYSIS = YES;
				CLANG_WARN_STRICT_PROTOTYPES = YES;
				CLANG_WARN_SUSPICIOUS_MOVE = YES;
				CLANG_WARN_UNGUARDED_AVAILABILITY = YES_AGGRESSIVE;
				CLANG_WARN_UNREACHABLE_CODE = YES;
				CLANG_WARN__DUPLICATE_METHOD_MATCH = YES;
				COPY_PHASE_STRIP = NO;
				DEBUG_INFORMATION_FORMAT = dwarf;
				ENABLE_STRICT_OBJC_MSGSEND = YES;
				ENABLE_TESTABILITY = YES;
				ENABLE_USER_SCRIPT_SANDBOXING = YES;
				GCC_C_LANGUAGE_STANDARD = gnu17;
				GCC_DYNAMIC_NO_PIC = NO;
				GCC_NO_COMMON_BLOCKS = YES;
				GCC_OPTIMIZATION_LEVEL = 0;
				GCC_PREPROCESSOR_DEFINITIONS = (
					"DEBUG=1",
					"$(inherited)",
				);
				GCC_WARN_64_TO_32_BIT_CONVERSION = YES;
				GCC_WARN_ABOUT_RETURN_TYPE = YES_ERROR;
				GCC_WARN_UNDECLARED_SELECTOR = YES;
				GCC_WARN_UNINITIALIZED_AUTOS = YES_AGGRESSIVE;
				GCC_WARN_UNUSED_FUNCTION = YES;
				GCC_WARN_UNUSED_VARIABLE = YES;
				IPHONEOS_DEPLOYMENT_TARGET = 18.1;
				LOCALIZATION_PREFERS_STRING_CATALOGS = YES;
				MTL_ENABLE_DEBUG_INFO = INCLUDE_SOURCE;
				MTL_FAST_MATH = YES;
				ONLY_ACTIVE_ARCH = YES;
				SDKROOT = iphoneos;
				SWIFT_ACTIVE_COMPILATION_CONDITIONS = "DEBUG $(inherited)";
				SWIFT_OPTIMIZATION_LEVEL = "-Onone";
			};
			name = Debug;
		};
		45C2A80D2CE548D900B002DF /* Release */ = {
			isa = XCBuildConfiguration;
			buildSettings = {
				ALWAYS_SEARCH_USER_PATHS = NO;
				ASSETCATALOG_COMPILER_GENERATE_SWIFT_ASSET_SYMBOL_EXTENSIONS = YES;
				CLANG_ANALYZER_NONNULL = YES;
				CLANG_ANALYZER_NUMBER_OBJECT_CONVERSION = YES_AGGRESSIVE;
				CLANG_CXX_LANGUAGE_STANDARD = "gnu++20";
				CLANG_ENABLE_MODULES = YES;
				CLANG_ENABLE_OBJC_ARC = YES;
				CLANG_ENABLE_OBJC_WEAK = YES;
				CLANG_WARN_BLOCK_CAPTURE_AUTORELEASING = YES;
				CLANG_WARN_BOOL_CONVERSION = YES;
				CLANG_WARN_COMMA = YES;
				CLANG_WARN_CONSTANT_CONVERSION = YES;
				CLANG_WARN_DEPRECATED_OBJC_IMPLEMENTATIONS = YES;
				CLANG_WARN_DIRECT_OBJC_ISA_USAGE = YES_ERROR;
				CLANG_WARN_DOCUMENTATION_COMMENTS = YES;
				CLANG_WARN_EMPTY_BODY = YES;
				CLANG_WARN_ENUM_CONVERSION = YES;
				CLANG_WARN_INFINITE_RECURSION = YES;
				CLANG_WARN_INT_CONVERSION = YES;
				CLANG_WARN_NON_LITERAL_NULL_CONVERSION = YES;
				CLANG_WARN_OBJC_IMPLICIT_RETAIN_SELF = YES;
				CLANG_WARN_OBJC_LITERAL_CONVERSION = YES;
				CLANG_WARN_OBJC_ROOT_CLASS = YES_ERROR;
				CLANG_WARN_QUOTED_INCLUDE_IN_FRAMEWORK_HEADER = YES;
				CLANG_WARN_RANGE_LOOP_ANALYSIS = YES;
				CLANG_WARN_STRICT_PROTOTYPES = YES;
				CLANG_WARN_SUSPICIOUS_MOVE = YES;
				CLANG_WARN_UNGUARDED_AVAILABILITY = YES_AGGRESSIVE;
				CLANG_WARN_UNREACHABLE_CODE = YES;
				CLANG_WARN__DUPLICATE_METHOD_MATCH = YES;
				COPY_PHASE_STRIP = NO;
				DEBUG_INFORMATION_FORMAT = "dwarf-with-dsym";
				ENABLE_NS_ASSERTIONS = NO;
				ENABLE_STRICT_OBJC_MSGSEND = YES;
				ENABLE_USER_SCRIPT_SANDBOXING = YES;
				GCC_C_LANGUAGE_STANDARD = gnu17;
				GCC_NO_COMMON_BLOCKS = YES;
				GCC_WARN_64_TO_32_BIT_CONVERSION = YES;
				GCC_WARN_ABOUT_RETURN_TYPE = YES_ERROR;
				GCC_WARN_UNDECLARED_SELECTOR = YES;
				GCC_WARN_UNINITIALIZED_AUTOS = YES_AGGRESSIVE;
				GCC_WARN_UNUSED_FUNCTION = YES;
				GCC_WARN_UNUSED_VARIABLE = YES;
				IPHONEOS_DEPLOYMENT_TARGET = 18.1;
				LOCALIZATION_PREFERS_STRING_CATALOGS = YES;
				MTL_ENABLE_DEBUG_INFO = NO;
				MTL_FAST_MATH = YES;
				SDKROOT = iphoneos;
				SWIFT_COMPILATION_MODE = wholemodule;
				VALIDATE_PRODUCT = YES;
			};
			name = Release;
		};
		45C2A80F2CE548D900B002DF /* Debug */ = {
			isa = XCBuildConfiguration;
			buildSettings = {
				ASSETCATALOG_COMPILER_APPICON_NAME = AppIcon;
				ASSETCATALOG_COMPILER_GLOBAL_ACCENT_COLOR_NAME = AccentColor;
				CODE_SIGN_STYLE = Automatic;
				CURRENT_PROJECT_VERSION = 1;
				DEVELOPMENT_ASSET_PATHS = "\"PS5GamesApp/Preview Content\"";
				DEVELOPMENT_TEAM = 8MU6QHY59H;
				ENABLE_PREVIEWS = YES;
				GENERATE_INFOPLIST_FILE = YES;
				INFOPLIST_KEY_UIApplicationSceneManifest_Generation = YES;
				INFOPLIST_KEY_UIApplicationSupportsIndirectInputEvents = YES;
				INFOPLIST_KEY_UILaunchScreen_Generation = YES;
				INFOPLIST_KEY_UISupportedInterfaceOrientations_iPad = "UIInterfaceOrientationPortrait UIInterfaceOrientationPortraitUpsideDown UIInterfaceOrientationLandscapeLeft UIInterfaceOrientationLandscapeRight";
				INFOPLIST_KEY_UISupportedInterfaceOrientations_iPhone = "UIInterfaceOrientationPortrait UIInterfaceOrientationLandscapeLeft UIInterfaceOrientationLandscapeRight";
				LD_RUNPATH_SEARCH_PATHS = (
					"$(inherited)",
					"@executable_path/Frameworks",
				);
				MARKETING_VERSION = 1.0;
				PRODUCT_BUNDLE_IDENTIFIER = dev.ruben.PS5GamesApp;
				PRODUCT_NAME = "$(TARGET_NAME)";
				SWIFT_EMIT_LOC_STRINGS = YES;
				SWIFT_VERSION = 6.0;
				TARGETED_DEVICE_FAMILY = "1,2";
			};
			name = Debug;
		};
		45C2A8102CE548D900B002DF /* Release */ = {
			isa = XCBuildConfiguration;
			buildSettings = {
				ASSETCATALOG_COMPILER_APPICON_NAME = AppIcon;
				ASSETCATALOG_COMPILER_GLOBAL_ACCENT_COLOR_NAME = AccentColor;
				CODE_SIGN_STYLE = Automatic;
				CURRENT_PROJECT_VERSION = 1;
				DEVELOPMENT_ASSET_PATHS = "\"PS5GamesApp/Preview Content\"";
				DEVELOPMENT_TEAM = 8MU6QHY59H;
				ENABLE_PREVIEWS = YES;
				GENERATE_INFOPLIST_FILE = YES;
				INFOPLIST_KEY_UIApplicationSceneManifest_Generation = YES;
				INFOPLIST_KEY_UIApplicationSupportsIndirectInputEvents = YES;
				INFOPLIST_KEY_UILaunchScreen_Generation = YES;
				INFOPLIST_KEY_UISupportedInterfaceOrientations_iPad = "UIInterfaceOrientationPortrait UIInterfaceOrientationPortraitUpsideDown UIInterfaceOrientationLandscapeLeft UIInterfaceOrientationLandscapeRight";
				INFOPLIST_KEY_UISupportedInterfaceOrientations_iPhone = "UIInterfaceOrientationPortrait UIInterfaceOrientationLandscapeLeft UIInterfaceOrientationLandscapeRight";
				LD_RUNPATH_SEARCH_PATHS = (
					"$(inherited)",
					"@executable_path/Frameworks",
				);
				MARKETING_VERSION = 1.0;
				PRODUCT_BUNDLE_IDENTIFIER = dev.ruben.PS5GamesApp;
				PRODUCT_NAME = "$(TARGET_NAME)";
				SWIFT_EMIT_LOC_STRINGS = YES;
				SWIFT_VERSION = 6.0;
				TARGETED_DEVICE_FAMILY = "1,2";
			};
			name = Release;
		};
/* End XCBuildConfiguration section */

/* Begin XCConfigurationList section */
		45C2A7FB2CE548D700B002DF /* Build configuration list for PBXProject "PS5GamesApp" */ = {
			isa = XCConfigurationList;
			buildConfigurations = (
				45C2A80C2CE548D900B002DF /* Debug */,
				45C2A80D2CE548D900B002DF /* Release */,
			);
			defaultConfigurationIsVisible = 0;
			defaultConfigurationName = Release;
		};
		45C2A80E2CE548D900B002DF /* Build configuration list for PBXNativeTarget "PS5GamesApp" */ = {
			isa = XCConfigurationList;
			buildConfigurations = (
				45C2A80F2CE548D900B002DF /* Debug */,
				45C2A8102CE548D900B002DF /* Release */,
			);
			defaultConfigurationIsVisible = 0;
			defaultConfigurationName = Release;
		};
/* End XCConfigurationList section */
	};
	rootObject = 45C2A7F82CE548D700B002DF /* Project object */;
}
